
Microsoft Visual Studio Solution File, Format Version 12.00
# Visual Studio Version 17
VisualStudioVersion = 17.0.31903.59
MinimumVisualStudioVersion = 10.0.40219.1
Project("{FAE04EC0-301F-11D3-BF4B-00C04F79EFBC}") = "DididaiApp", "DididaiApp\DididaiApp.csproj", "{8E7C9BFC-6CE2-41B6-B17F-B58D8EADC850}"
EndProject
Project("{FAE04EC0-301F-11D3-BF4B-00C04F79EFBC}") = "DididaiApp.Core", "DididaiApp.Core\DididaiApp.Core.csproj", "{111441F5-82A8-455F-BDD1-7ABE94A2DFB1}"
EndProject
Global
	GlobalSection(SolutionConfigurationPlatforms) = preSolution
		Debug|Any CPU = Debug|Any CPU
		Debug|x64 = Debug|x64
		Debug|x86 = Debug|x86
		Release|Any CPU = Release|Any CPU
		Release|x64 = Release|x64
		Release|x86 = Release|x86
	EndGlobalSection
	GlobalSection(ProjectConfigurationPlatforms) = postSolution
		{8E7C9BFC-6CE2-41B6-B17F-B58D8EADC850}.Debug|Any CPU.ActiveCfg = Debug|Any CPU
		{8E7C9BFC-6CE2-41B6-B17F-B58D8EADC850}.Debug|Any CPU.Build.0 = Debug|Any CPU
		{8E7C9BFC-6CE2-41B6-B17F-B58D8EADC850}.Debug|x64.ActiveCfg = Debug|Any CPU
		{8E7C9BFC-6CE2-41B6-B17F-B58D8EADC850}.Debug|x64.Build.0 = Debug|Any CPU
		{8E7C9BFC-6CE2-41B6-B17F-B58D8EADC850}.Debug|x86.ActiveCfg = Debug|Any CPU
		{8E7C9BFC-6CE2-41B6-B17F-B58D8EADC850}.Debug|x86.Build.0 = Debug|Any CPU
		{8E7C9BFC-6CE2-41B6-B17F-B58D8EADC850}.Release|Any CPU.ActiveCfg = Release|Any CPU
		{8E7C9BFC-6CE2-41B6-B17F-B58D8EADC850}.Release|Any CPU.Build.0 = Release|Any CPU
		{8E7C9BFC-6CE2-41B6-B17F-B58D8EADC850}.Release|x64.ActiveCfg = Release|Any CPU
		{8E7C9BFC-6CE2-41B6-B17F-B58D8EADC850}.Release|x64.Build.0 = Release|Any CPU
		{8E7C9BFC-6CE2-41B6-B17F-B58D8EADC850}.Release|x86.ActiveCfg = Release|Any CPU
		{8E7C9BFC-6CE2-41B6-B17F-B58D8EADC850}.Release|x86.Build.0 = Release|Any CPU
		{111441F5-82A8-455F-BDD1-7ABE94A2DFB1}.Debug|Any CPU.ActiveCfg = Debug|Any CPU
		{111441F5-82A8-455F-BDD1-7ABE94A2DFB1}.Debug|Any CPU.Build.0 = Debug|Any CPU
		{111441F5-82A8-455F-BDD1-7ABE94A2DFB1}.Debug|x64.ActiveCfg = Debug|Any CPU
		{111441F5-82A8-455F-BDD1-7ABE94A2DFB1}.Debug|x64.Build.0 = Debug|Any CPU
		{111441F5-82A8-455F-BDD1-7ABE94A2DFB1}.Debug|x86.ActiveCfg = Debug|Any CPU
		{111441F5-82A8-455F-BDD1-7ABE94A2DFB1}.Debug|x86.Build.0 = Debug|Any CPU
		{111441F5-82A8-455F-BDD1-7ABE94A2DFB1}.Release|Any CPU.ActiveCfg = Release|Any CPU
		{111441F5-82A8-455F-BDD1-7ABE94A2DFB1}.Release|Any CPU.Build.0 = Release|Any CPU
		{111441F5-82A8-455F-BDD1-7ABE94A2DFB1}.Release|x64.ActiveCfg = Release|Any CPU
		{111441F5-82A8-455F-BDD1-7ABE94A2DFB1}.Release|x64.Build.0 = Release|Any CPU
		{111441F5-82A8-455F-BDD1-7ABE94A2DFB1}.Release|x86.ActiveCfg = Release|Any CPU
		{111441F5-82A8-455F-BDD1-7ABE94A2DFB1}.Release|x86.Build.0 = Release|Any CPU
	EndGlobalSection
	GlobalSection(SolutionProperties) = preSolution
		HideSolutionNode = FALSE
	EndGlobalSection
EndGlobal
